
Microsoft Visual Studio Solution File, Format Version 12.00
# Visual Studio 14
VisualStudioVersion = 14.0.25420.1
MinimumVisualStudioVersion = 10.0.40219.1
Project("{FAE04EC0-301F-11D3-BF4B-00C04F79EFBC}") = "MemoScope", "MemoScope\MemoScope.csproj", "{D6AD45CF-3691-4A6F-8AA0-28FEA3B87BFB}"
EndProject
Project("{FAE04EC0-301F-11D3-BF4B-00C04F79EFBC}") = "MemoDummy", "MemoDummy\MemoDummy.csproj", "{79528DEC-4446-4C3C-9431-02348CF43C67}"
EndProject
Project("{FAE04EC0-301F-11D3-BF4B-00C04F79EFBC}") = "MemoScopeApi", "MemoScopeApi\MemoScopeApi.csproj", "{8363C100-7197-474E-A951-1402AB9E4D03}"
EndProject
Project("{FAE04EC0-301F-11D3-BF4B-00C04F79EFBC}") = "UnitTestProject", "UnitTestProject\UnitTestProject.csproj", "{1498D5F5-B02A-4B4B-AE33-2F062B549963}"
EndProject
Global
	GlobalSection(SolutionConfigurationPlatforms) = preSolution
		Debug|Any CPU = Debug|Any CPU
		Debug|x64 = Debug|x64
		Debug|x86 = Debug|x86
		Release|Any CPU = Release|Any CPU
		Release|x64 = Release|x64
		Release|x86 = Release|x86
	EndGlobalSection
	GlobalSection(ProjectConfigurationPlatforms) = postSolution
		{D6AD45CF-3691-4A6F-8AA0-28FEA3B87BFB}.Debug|Any CPU.ActiveCfg = Debug|Any CPU
		{D6AD45CF-3691-4A6F-8AA0-28FEA3B87BFB}.Debug|Any CPU.Build.0 = Debug|Any CPU
		{D6AD45CF-3691-4A6F-8AA0-28FEA3B87BFB}.Debug|x64.ActiveCfg = Debug|x64
		{D6AD45CF-3691-4A6F-8AA0-28FEA3B87BFB}.Debug|x64.Build.0 = Debug|x64
		{D6AD45CF-3691-4A6F-8AA0-28FEA3B87BFB}.Debug|x86.ActiveCfg = Debug|x86
		{D6AD45CF-3691-4A6F-8AA0-28FEA3B87BFB}.Debug|x86.Build.0 = Debug|x86
		{D6AD45CF-3691-4A6F-8AA0-28FEA3B87BFB}.Release|Any CPU.ActiveCfg = Release|Any CPU
		{D6AD45CF-3691-4A6F-8AA0-28FEA3B87BFB}.Release|Any CPU.Build.0 = Release|Any CPU
		{D6AD45CF-3691-4A6F-8AA0-28FEA3B87BFB}.Release|x64.ActiveCfg = Release|x64
		{D6AD45CF-3691-4A6F-8AA0-28FEA3B87BFB}.Release|x64.Build.0 = Release|x64
		{D6AD45CF-3691-4A6F-8AA0-28FEA3B87BFB}.Release|x86.ActiveCfg = Release|x86
		{D6AD45CF-3691-4A6F-8AA0-28FEA3B87BFB}.Release|x86.Build.0 = Release|x86
		{79528DEC-4446-4C3C-9431-02348CF43C67}.Debug|Any CPU.ActiveCfg = Debug|Any CPU
		{79528DEC-4446-4C3C-9431-02348CF43C67}.Debug|Any CPU.Build.0 = Debug|Any CPU
		{79528DEC-4446-4C3C-9431-02348CF43C67}.Debug|x64.ActiveCfg = Debug|x64
		{79528DEC-4446-4C3C-9431-02348CF43C67}.Debug|x64.Build.0 = Debug|x64
		{79528DEC-4446-4C3C-9431-02348CF43C67}.Debug|x86.ActiveCfg = Debug|x86
		{79528DEC-4446-4C3C-9431-02348CF43C67}.Debug|x86.Build.0 = Debug|x86
		{79528DEC-4446-4C3C-9431-02348CF43C67}.Release|Any CPU.ActiveCfg = Release|Any CPU
		{79528DEC-4446-4C3C-9431-02348CF43C67}.Release|Any CPU.Build.0 = Release|Any CPU
		{79528DEC-4446-4C3C-9431-02348CF43C67}.Release|x64.ActiveCfg = Release|x64
		{79528DEC-4446-4C3C-9431-02348CF43C67}.Release|x64.Build.0 = Release|x64
		{79528DEC-4446-4C3C-9431-02348CF43C67}.Release|x86.ActiveCfg = Release|x86
		{79528DEC-4446-4C3C-9431-02348CF43C67}.Release|x86.Build.0 = Release|x86
		{8363C100-7197-474E-A951-1402AB9E4D03}.Debug|Any CPU.ActiveCfg = Debug|Any CPU
		{8363C100-7197-474E-A951-1402AB9E4D03}.Debug|Any CPU.Build.0 = Debug|Any CPU
		{8363C100-7197-474E-A951-1402AB9E4D03}.Debug|x64.ActiveCfg = Debug|x64
		{8363C100-7197-474E-A951-1402AB9E4D03}.Debug|x64.Build.0 = Debug|x64
		{8363C100-7197-474E-A951-1402AB9E4D03}.Debug|x86.ActiveCfg = Debug|x86
		{8363C100-7197-474E-A951-1402AB9E4D03}.Debug|x86.Build.0 = Debug|x86
		{8363C100-7197-474E-A951-1402AB9E4D03}.Release|Any CPU.ActiveCfg = Release|Any CPU
		{8363C100-7197-474E-A951-1402AB9E4D03}.Release|Any CPU.Build.0 = Release|Any CPU
		{8363C100-7197-474E-A951-1402AB9E4D03}.Release|x64.ActiveCfg = Release|x64
		{8363C100-7197-474E-A951-1402AB9E4D03}.Release|x64.Build.0 = Release|x64
		{8363C100-7197-474E-A951-1402AB9E4D03}.Release|x86.ActiveCfg = Release|x86
		{8363C100-7197-474E-A951-1402AB9E4D03}.Release|x86.Build.0 = Release|x86
		{1498D5F5-B02A-4B4B-AE33-2F062B549963}.Debug|Any CPU.ActiveCfg = Debug|Any CPU
		{1498D5F5-B02A-4B4B-AE33-2F062B549963}.Debug|Any CPU.Build.0 = Debug|Any CPU
		{1498D5F5-B02A-4B4B-AE33-2F062B549963}.Debug|x64.ActiveCfg = Debug|x64
		{1498D5F5-B02A-4B4B-AE33-2F062B549963}.Debug|x64.Build.0 = Debug|x64
		{1498D5F5-B02A-4B4B-AE33-2F062B549963}.Debug|x86.ActiveCfg = Debug|x86
		{1498D5F5-B02A-4B4B-AE33-2F062B549963}.Debug|x86.Build.0 = Debug|x86
		{1498D5F5-B02A-4B4B-AE33-2F062B549963}.Release|Any CPU.ActiveCfg = Release|Any CPU
		{1498D5F5-B02A-4B4B-AE33-2F062B549963}.Release|Any CPU.Build.0 = Release|Any CPU
		{1498D5F5-B02A-4B4B-AE33-2F062B549963}.Release|x64.ActiveCfg = Release|x64
		{1498D5F5-B02A-4B4B-AE33-2F062B549963}.Release|x64.Build.0 = Release|x64
		{1498D5F5-B02A-4B4B-AE33-2F062B549963}.Release|x86.ActiveCfg = Release|x86
		{1498D5F5-B02A-4B4B-AE33-2F062B549963}.Release|x86.Build.0 = Release|x86
	EndGlobalSection
	GlobalSection(SolutionProperties) = preSolution
		HideSolutionNode = FALSE
	EndGlobalSection
EndGlobal
